// !$*UTF8*$!
{
	archiveVersion = 1;
	classes = {
	};
	objectVersion = 46;
	objects = {

/* Begin PBXBuildFile section */
		0DAA193F1982A5E900FF0C52 /* Foundation.framework in Frameworks */ = {isa = PBXBuildFile; fileRef = 0DAA193E1982A5E900FF0C52 /* Foundation.framework */; };
		0DAA19411982A5E900FF0C52 /* CoreGraphics.framework in Frameworks */ = {isa = PBXBuildFile; fileRef = 0DAA19401982A5E900FF0C52 /* CoreGraphics.framework */; };
		0DAA19431982A5E900FF0C52 /* UIKit.framework in Frameworks */ = {isa = PBXBuildFile; fileRef = 0DAA19421982A5E900FF0C52 /* UIKit.framework */; };
		0DAA19491982A5E900FF0C52 /* InfoPlist.strings in Resources */ = {isa = PBXBuildFile; fileRef = 0DAA19471982A5E900FF0C52 /* InfoPlist.strings */; };
		0DAA194B1982A5E900FF0C52 /* main.m in Sources */ = {isa = PBXBuildFile; fileRef = 0DAA194A1982A5E900FF0C52 /* main.m */; };
		0DAA194F1982A5E900FF0C52 /* AppDelegate.m in Sources */ = {isa = PBXBuildFile; fileRef = 0DAA194E1982A5E900FF0C52 /* AppDelegate.m */; };
		0DAA19521982A5E900FF0C52 /* Main.storyboard in Resources */ = {isa = PBXBuildFile; fileRef = 0DAA19501982A5E900FF0C52 /* Main.storyboard */; };
		0DAA19551982A5E900FF0C52 /* ViewController.m in Sources */ = {isa = PBXBuildFile; fileRef = 0DAA19541982A5E900FF0C52 /* ViewController.m */; };
		0DAA19571982A5E900FF0C52 /* Images.xcassets in Resources */ = {isa = PBXBuildFile; fileRef = 0DAA19561982A5E900FF0C52 /* Images.xcassets */; };
		0DAA195E1982A5E900FF0C52 /* XCTest.framework in Frameworks */ = {isa = PBXBuildFile; fileRef = 0DAA195D1982A5E900FF0C52 /* XCTest.framework */; };
		0DAA195F1982A5E900FF0C52 /* Foundation.framework in Frameworks */ = {isa = PBXBuildFile; fileRef = 0DAA193E1982A5E900FF0C52 /* Foundation.framework */; };
		0DAA19601982A5E900FF0C52 /* UIKit.framework in Frameworks */ = {isa = PBXBuildFile; fileRef = 0DAA19421982A5E900FF0C52 /* UIKit.framework */; };
		0DAA19681982A5E900FF0C52 /* InfoPlist.strings in Resources */ = {isa = PBXBuildFile; fileRef = 0DAA19661982A5E900FF0C52 /* InfoPlist.strings */; };
		0DAA196A1982A5EA00FF0C52 /* UITableHelperTests.m in Sources */ = {isa = PBXBuildFile; fileRef = 0DAA19691982A5EA00FF0C52 /* UITableHelperTests.m */; };
		0DAA19831982A62100FF0C52 /* TableFormItem.m in Sources */ = {isa = PBXBuildFile; fileRef = 0DAA197E1982A62100FF0C52 /* TableFormItem.m */; };
		0DAA19841982A62100FF0C52 /* TableRowItem.m in Sources */ = {isa = PBXBuildFile; fileRef = 0DAA19801982A62100FF0C52 /* TableRowItem.m */; };
		0DAA19851982A62100FF0C52 /* TableSectionItem.m in Sources */ = {isa = PBXBuildFile; fileRef = 0DAA19821982A62100FF0C52 /* TableSectionItem.m */; };
/* End PBXBuildFile section */

/* Begin PBXContainerItemProxy section */
		0DAA19611982A5E900FF0C52 /* PBXContainerItemProxy */ = {
			isa = PBXContainerItemProxy;
			containerPortal = 0DAA19331982A5E900FF0C52 /* Project object */;
			proxyType = 1;
			remoteGlobalIDString = 0DAA193A1982A5E900FF0C52;
			remoteInfo = UITableHelper;
		};
/* End PBXContainerItemProxy section */

/* Begin PBXFileReference section */
		0DAA193B1982A5E900FF0C52 /* UITableHelper.app */ = {isa = PBXFileReference; explicitFileType = wrapper.application; includeInIndex = 0; path = UITableHelper.app; sourceTree = BUILT_PRODUCTS_DIR; };
		0DAA193E1982A5E900FF0C52 /* Foundation.framework */ = {isa = PBXFileReference; lastKnownFileType = wrapper.framework; name = Foundation.framework; path = System/Library/Frameworks/Foundation.framework; sourceTree = SDKROOT; };
		0DAA19401982A5E900FF0C52 /* CoreGraphics.framework */ = {isa = PBXFileReference; lastKnownFileType = wrapper.framework; name = CoreGraphics.framework; path = System/Library/Frameworks/CoreGraphics.framework; sourceTree = SDKROOT; };
		0DAA19421982A5E900FF0C52 /* UIKit.framework */ = {isa = PBXFileReference; lastKnownFileType = wrapper.framework; name = UIKit.framework; path = System/Library/Frameworks/UIKit.framework; sourceTree = SDKROOT; };
		0DAA19461982A5E900FF0C52 /* UITableHelper-Info.plist */ = {isa = PBXFileReference; lastKnownFileType = text.plist.xml; path = "UITableHelper-Info.plist"; sourceTree = "<group>"; };
		0DAA19481982A5E900FF0C52 /* en */ = {isa = PBXFileReference; lastKnownFileType = text.plist.strings; name = en; path = en.lproj/InfoPlist.strings; sourceTree = "<group>"; };
		0DAA194A1982A5E900FF0C52 /* main.m */ = {isa = PBXFileReference; lastKnownFileType = sourcecode.c.objc; path = main.m; sourceTree = "<group>"; };
		0DAA194C1982A5E900FF0C52 /* UITableHelper-Prefix.pch */ = {isa = PBXFileReference; lastKnownFileType = sourcecode.c.h; path = "UITableHelper-Prefix.pch"; sourceTree = "<group>"; };
		0DAA194D1982A5E900FF0C52 /* AppDelegate.h */ = {isa = PBXFileReference; lastKnownFileType = sourcecode.c.h; path = AppDelegate.h; sourceTree = "<group>"; };
		0DAA194E1982A5E900FF0C52 /* AppDelegate.m */ = {isa = PBXFileReference; lastKnownFileType = sourcecode.c.objc; path = AppDelegate.m; sourceTree = "<group>"; };
		0DAA19511982A5E900FF0C52 /* Base */ = {isa = PBXFileReference; lastKnownFileType = file.storyboard; name = Base; path = Base.lproj/Main.storyboard; sourceTree = "<group>"; };
		0DAA19531982A5E900FF0C52 /* ViewController.h */ = {isa = PBXFileReference; lastKnownFileType = sourcecode.c.h; path = ViewController.h; sourceTree = "<group>"; };
		0DAA19541982A5E900FF0C52 /* ViewController.m */ = {isa = PBXFileReference; lastKnownFileType = sourcecode.c.objc; path = ViewController.m; sourceTree = "<group>"; };
		0DAA19561982A5E900FF0C52 /* Images.xcassets */ = {isa = PBXFileReference; lastKnownFileType = folder.assetcatalog; path = Images.xcassets; sourceTree = "<group>"; };
		0DAA195C1982A5E900FF0C52 /* UITableHelperTests.xctest */ = {isa = PBXFileReference; explicitFileType = wrapper.cfbundle; includeInIndex = 0; path = UITableHelperTests.xctest; sourceTree = BUILT_PRODUCTS_DIR; };
		0DAA195D1982A5E900FF0C52 /* XCTest.framework */ = {isa = PBXFileReference; lastKnownFileType = wrapper.framework; name = XCTest.framework; path = Library/Frameworks/XCTest.framework; sourceTree = DEVELOPER_DIR; };
		0DAA19651982A5E900FF0C52 /* UITableHelperTests-Info.plist */ = {isa = PBXFileReference; lastKnownFileType = text.plist.xml; path = "UITableHelperTests-Info.plist"; sourceTree = "<group>"; };
		0DAA19671982A5E900FF0C52 /* en */ = {isa = PBXFileReference; lastKnownFileType = text.plist.strings; name = en; path = en.lproj/InfoPlist.strings; sourceTree = "<group>"; };
		0DAA19691982A5EA00FF0C52 /* UITableHelperTests.m */ = {isa = PBXFileReference; lastKnownFileType = sourcecode.c.objc; path = UITableHelperTests.m; sourceTree = "<group>"; };
		0DAA197D1982A62100FF0C52 /* TableFormItem.h */ = {isa = PBXFileReference; fileEncoding = 4; lastKnownFileType = sourcecode.c.h; path = TableFormItem.h; sourceTree = "<group>"; };
		0DAA197E1982A62100FF0C52 /* TableFormItem.m */ = {isa = PBXFileReference; fileEncoding = 4; lastKnownFileType = sourcecode.c.objc; path = TableFormItem.m; sourceTree = "<group>"; };
		0DAA197F1982A62100FF0C52 /* TableRowItem.h */ = {isa = PBXFileReference; fileEncoding = 4; lastKnownFileType = sourcecode.c.h; path = TableRowItem.h; sourceTree = "<group>"; };
		0DAA19801982A62100FF0C52 /* TableRowItem.m */ = {isa = PBXFileReference; fileEncoding = 4; lastKnownFileType = sourcecode.c.objc; path = TableRowItem.m; sourceTree = "<group>"; };
		0DAA19811982A62100FF0C52 /* TableSectionItem.h */ = {isa = PBXFileReference; fileEncoding = 4; lastKnownFileType = sourcecode.c.h; path = TableSectionItem.h; sourceTree = "<group>"; };
		0DAA19821982A62100FF0C52 /* TableSectionItem.m */ = {isa = PBXFileReference; fileEncoding = 4; lastKnownFileType = sourcecode.c.objc; path = TableSectionItem.m; sourceTree = "<group>"; };
/* End PBXFileReference section */

/* Begin PBXFrameworksBuildPhase section */
		0DAA19381982A5E900FF0C52 /* Frameworks */ = {
			isa = PBXFrameworksBuildPhase;
			buildActionMask = 2147483647;
			files = (
				0DAA19411982A5E900FF0C52 /* CoreGraphics.framework in Frameworks */,
				0DAA19431982A5E900FF0C52 /* UIKit.framework in Frameworks */,
				0DAA193F1982A5E900FF0C52 /* Foundation.framework in Frameworks */,
			);
			runOnlyForDeploymentPostprocessing = 0;
		};
		0DAA19591982A5E900FF0C52 /* Frameworks */ = {
			isa = PBXFrameworksBuildPhase;
			buildActionMask = 2147483647;
			files = (
				0DAA195E1982A5E900FF0C52 /* XCTest.framework in Frameworks */,
				0DAA19601982A5E900FF0C52 /* UIKit.framework in Frameworks */,
				0DAA195F1982A5E900FF0C52 /* Foundation.framework in Frameworks */,
			);
			runOnlyForDeploymentPostprocessing = 0;
		};
/* End PBXFrameworksBuildPhase section */

/* Begin PBXGroup section */
		0DAA19321982A5E900FF0C52 = {
			isa = PBXGroup;
			children = (
				0DAA19441982A5E900FF0C52 /* UITableHelper */,
				0DAA19631982A5E900FF0C52 /* UITableHelperTests */,
				0DAA193D1982A5E900FF0C52 /* Frameworks */,
				0DAA193C1982A5E900FF0C52 /* Products */,
			);
			sourceTree = "<group>";
		};
		0DAA193C1982A5E900FF0C52 /* Products */ = {
			isa = PBXGroup;
			children = (
				0DAA193B1982A5E900FF0C52 /* UITableHelper.app */,
				0DAA195C1982A5E900FF0C52 /* UITableHelperTests.xctest */,
			);
			name = Products;
			sourceTree = "<group>";
		};
		0DAA193D1982A5E900FF0C52 /* Frameworks */ = {
			isa = PBXGroup;
			children = (
				0DAA193E1982A5E900FF0C52 /* Foundation.framework */,
				0DAA19401982A5E900FF0C52 /* CoreGraphics.framework */,
				0DAA19421982A5E900FF0C52 /* UIKit.framework */,
				0DAA195D1982A5E900FF0C52 /* XCTest.framework */,
			);
			name = Frameworks;
			sourceTree = "<group>";
		};
		0DAA19441982A5E900FF0C52 /* UITableHelper */ = {
			isa = PBXGroup;
			children = (
				0DAA194D1982A5E900FF0C52 /* AppDelegate.h */,
				0DAA194E1982A5E900FF0C52 /* AppDelegate.m */,
				0DAA19501982A5E900FF0C52 /* Main.storyboard */,
				0DAA19531982A5E900FF0C52 /* ViewController.h */,
				0DAA19541982A5E900FF0C52 /* ViewController.m */,
				0DAA197C1982A62100FF0C52 /* Helper Classes */,
				0DAA19561982A5E900FF0C52 /* Images.xcassets */,
				0DAA19451982A5E900FF0C52 /* Supporting Files */,
			);
			path = UITableHelper;
			sourceTree = "<group>";
		};
		0DAA19451982A5E900FF0C52 /* Supporting Files */ = {
			isa = PBXGroup;
			children = (
				0DAA19461982A5E900FF0C52 /* UITableHelper-Info.plist */,
				0DAA19471982A5E900FF0C52 /* InfoPlist.strings */,
				0DAA194A1982A5E900FF0C52 /* main.m */,
				0DAA194C1982A5E900FF0C52 /* UITableHelper-Prefix.pch */,
			);
			name = "Supporting Files";
			sourceTree = "<group>";
		};
		0DAA19631982A5E900FF0C52 /* UITableHelperTests */ = {
			isa = PBXGroup;
			children = (
				0DAA19691982A5EA00FF0C52 /* UITableHelperTests.m */,
				0DAA19641982A5E900FF0C52 /* Supporting Files */,
			);
			path = UITableHelperTests;
			sourceTree = "<group>";
		};
		0DAA19641982A5E900FF0C52 /* Supporting Files */ = {
			isa = PBXGroup;
			children = (
				0DAA19651982A5E900FF0C52 /* UITableHelperTests-Info.plist */,
				0DAA19661982A5E900FF0C52 /* InfoPlist.strings */,
			);
			name = "Supporting Files";
			sourceTree = "<group>";
		};
		0DAA197C1982A62100FF0C52 /* Helper Classes */ = {
			isa = PBXGroup;
			children = (
				0DAA197D1982A62100FF0C52 /* TableFormItem.h */,
				0DAA197E1982A62100FF0C52 /* TableFormItem.m */,
				0DAA197F1982A62100FF0C52 /* TableRowItem.h */,
				0DAA19801982A62100FF0C52 /* TableRowItem.m */,
				0DAA19811982A62100FF0C52 /* TableSectionItem.h */,
				0DAA19821982A62100FF0C52 /* TableSectionItem.m */,
			);
			path = "Helper Classes";
			sourceTree = "<group>";
		};
/* End PBXGroup section */

/* Begin PBXNativeTarget section */
		0DAA193A1982A5E900FF0C52 /* UITableHelper */ = {
			isa = PBXNativeTarget;
			buildConfigurationList = 0DAA196D1982A5EA00FF0C52 /* Build configuration list for PBXNativeTarget "UITableHelper" */;
			buildPhases = (
				0DAA19371982A5E900FF0C52 /* Sources */,
				0DAA19381982A5E900FF0C52 /* Frameworks */,
				0DAA19391982A5E900FF0C52 /* Resources */,
			);
			buildRules = (
			);
			dependencies = (
			);
			name = UITableHelper;
			productName = UITableHelper;
			productReference = 0DAA193B1982A5E900FF0C52 /* UITableHelper.app */;
			productType = "com.apple.product-type.application";
		};
		0DAA195B1982A5E900FF0C52 /* UITableHelperTests */ = {
			isa = PBXNativeTarget;
			buildConfigurationList = 0DAA19701982A5EA00FF0C52 /* Build configuration list for PBXNativeTarget "UITableHelperTests" */;
			buildPhases = (
				0DAA19581982A5E900FF0C52 /* Sources */,
				0DAA19591982A5E900FF0C52 /* Frameworks */,
				0DAA195A1982A5E900FF0C52 /* Resources */,
			);
			buildRules = (
			);
			dependencies = (
				0DAA19621982A5E900FF0C52 /* PBXTargetDependency */,
			);
			name = UITableHelperTests;
			productName = UITableHelperTests;
			productReference = 0DAA195C1982A5E900FF0C52 /* UITableHelperTests.xctest */;
			productType = "com.apple.product-type.bundle.unit-test";
		};
/* End PBXNativeTarget section */

/* Begin PBXProject section */
		0DAA19331982A5E900FF0C52 /* Project object */ = {
			isa = PBXProject;
			attributes = {
				LastUpgradeCheck = 0510;
				ORGANIZATIONNAME = "Alvarez Productions";
				TargetAttributes = {
					0DAA195B1982A5E900FF0C52 = {
						TestTargetID = 0DAA193A1982A5E900FF0C52;
					};
				};
			};
			buildConfigurationList = 0DAA19361982A5E900FF0C52 /* Build configuration list for PBXProject "UITableHelper" */;
			compatibilityVersion = "Xcode 3.2";
			developmentRegion = English;
			hasScannedForEncodings = 0;
			knownRegions = (
				en,
				Base,
			);
			mainGroup = 0DAA19321982A5E900FF0C52;
			productRefGroup = 0DAA193C1982A5E900FF0C52 /* Products */;
			projectDirPath = "";
			projectRoot = "";
			targets = (
				0DAA193A1982A5E900FF0C52 /* UITableHelper */,
				0DAA195B1982A5E900FF0C52 /* UITableHelperTests */,
			);
		};
/* End PBXProject section */

/* Begin PBXResourcesBuildPhase section */
		0DAA19391982A5E900FF0C52 /* Resources */ = {
			isa = PBXResourcesBuildPhase;
			buildActionMask = 2147483647;
			files = (
				0DAA19571982A5E900FF0C52 /* Images.xcassets in Resources */,
				0DAA19491982A5E900FF0C52 /* InfoPlist.strings in Resources */,
				0DAA19521982A5E900FF0C52 /* Main.storyboard in Resources */,
			);
			runOnlyForDeploymentPostprocessing = 0;
		};
		0DAA195A1982A5E900FF0C52 /* Resources */ = {
			isa = PBXResourcesBuildPhase;
			buildActionMask = 2147483647;
			files = (
				0DAA19681982A5E900FF0C52 /* InfoPlist.strings in Resources */,
			);
			runOnlyForDeploymentPostprocessing = 0;
		};
/* End PBXResourcesBuildPhase section */

/* Begin PBXSourcesBuildPhase section */
		0DAA19371982A5E900FF0C52 /* Sources */ = {
			isa = PBXSourcesBuildPhase;
			buildActionMask = 2147483647;
			files = (
				0DAA19551982A5E900FF0C52 /* ViewController.m in Sources */,
				0DAA19831982A62100FF0C52 /* TableFormItem.m in Sources */,
				0DAA19841982A62100FF0C52 /* TableRowItem.m in Sources */,
				0DAA194F1982A5E900FF0C52 /* AppDelegate.m in Sources */,
				0DAA194B1982A5E900FF0C52 /* main.m in Sources */,
				0DAA19851982A62100FF0C52 /* TableSectionItem.m in Sources */,
			);
			runOnlyForDeploymentPostprocessing = 0;
		};
		0DAA19581982A5E900FF0C52 /* Sources */ = {
			isa = PBXSourcesBuildPhase;
			buildActionMask = 2147483647;
			files = (
				0DAA196A1982A5EA00FF0C52 /* UITableHelperTests.m in Sources */,
			);
			runOnlyForDeploymentPostprocessing = 0;
		};
/* End PBXSourcesBuildPhase section */

/* Begin PBXTargetDependency section */
		0DAA19621982A5E900FF0C52 /* PBXTargetDependency */ = {
			isa = PBXTargetDependency;
			target = 0DAA193A1982A5E900FF0C52 /* UITableHelper */;
			targetProxy = 0DAA19611982A5E900FF0C52 /* PBXContainerItemProxy */;
		};
/* End PBXTargetDependency section */

/* Begin PBXVariantGroup section */
		0DAA19471982A5E900FF0C52 /* InfoPlist.strings */ = {
			isa = PBXVariantGroup;
			children = (
				0DAA19481982A5E900FF0C52 /* en */,
			);
			name = InfoPlist.strings;
			sourceTree = "<group>";
		};
		0DAA19501982A5E900FF0C52 /* Main.storyboard */ = {
			isa = PBXVariantGroup;
			children = (
				0DAA19511982A5E900FF0C52 /* Base */,
			);
			name = Main.storyboard;
			sourceTree = "<group>";
		};
		0DAA19661982A5E900FF0C52 /* InfoPlist.strings */ = {
			isa = PBXVariantGroup;
			children = (
				0DAA19671982A5E900FF0C52 /* en */,
			);
			name = InfoPlist.strings;
			sourceTree = "<group>";
		};
/* End PBXVariantGroup section */

/* Begin XCBuildConfiguration section */
		0DAA196B1982A5EA00FF0C52 /* Debug */ = {
			isa = XCBuildConfiguration;
			buildSettings = {
				ALWAYS_SEARCH_USER_PATHS = NO;
				CLANG_CXX_LANGUAGE_STANDARD = "gnu++0x";
				CLANG_CXX_LIBRARY = "libc++";
				CLANG_ENABLE_MODULES = YES;
				CLANG_ENABLE_OBJC_ARC = YES;
				CLANG_WARN_BOOL_CONVERSION = YES;
				CLANG_WARN_CONSTANT_CONVERSION = YES;
				CLANG_WARN_DIRECT_OBJC_ISA_USAGE = YES_ERROR;
				CLANG_WARN_EMPTY_BODY = YES;
				CLANG_WARN_ENUM_CONVERSION = YES;
				CLANG_WARN_INT_CONVERSION = YES;
				CLANG_WARN_OBJC_ROOT_CLASS = YES_ERROR;
				CLANG_WARN__DUPLICATE_METHOD_MATCH = YES;
				"CODE_SIGN_IDENTITY[sdk=iphoneos*]" = "iPhone Developer";
				COPY_PHASE_STRIP = NO;
				GCC_C_LANGUAGE_STANDARD = gnu99;
				GCC_DYNAMIC_NO_PIC = NO;
				GCC_OPTIMIZATION_LEVEL = 0;
				GCC_PREPROCESSOR_DEFINITIONS = (
					"DEBUG=1",
					"$(inherited)",
				);
				GCC_SYMBOLS_PRIVATE_EXTERN = NO;
				GCC_WARN_64_TO_32_BIT_CONVERSION = YES;
				GCC_WARN_ABOUT_RETURN_TYPE = YES_ERROR;
				GCC_WARN_UNDECLARED_SELECTOR = YES;
				GCC_WARN_UNINITIALIZED_AUTOS = YES_AGGRESSIVE;
				GCC_WARN_UNUSED_FUNCTION = YES;
				GCC_WARN_UNUSED_VARIABLE = YES;
				IPHONEOS_DEPLOYMENT_TARGET = 7.1;
				ONLY_ACTIVE_ARCH = YES;
				SDKROOT = iphoneos;
			};
			name = Debug;
		};
		0DAA196C1982A5EA00FF0C52 /* Release */ = {
			isa = XCBuildConfiguration;
			buildSettings = {
				ALWAYS_SEARCH_USER_PATHS = NO;
				CLANG_CXX_LANGUAGE_STANDARD = "gnu++0x";
				CLANG_CXX_LIBRARY = "libc++";
				CLANG_ENABLE_MODULES = YES;
				CLANG_ENABLE_OBJC_ARC = YES;
				CLANG_WARN_BOOL_CONVERSION = YES;
				CLANG_WARN_CONSTANT_CONVERSION = YES;
				CLANG_WARN_DIRECT_OBJC_ISA_USAGE = YES_ERROR;
				CLANG_WARN_EMPTY_BODY = YES;
				CLANG_WARN_ENUM_CONVERSION = YES;
				CLANG_WARN_INT_CONVERSION = YES;
				CLANG_WARN_OBJC_ROOT_CLASS = YES_ERROR;
				CLANG_WARN__DUPLICATE_METHOD_MATCH = YES;
				"CODE_SIGN_IDENTITY[sdk=iphoneos*]" = "iPhone Developer";
				COPY_PHASE_STRIP = YES;
				ENABLE_NS_ASSERTIONS = NO;
				GCC_C_LANGUAGE_STANDARD = gnu99;
				GCC_WARN_64_TO_32_BIT_CONVERSION = YES;
				GCC_WARN_ABOUT_RETURN_TYPE = YES_ERROR;
				GCC_WARN_UNDECLARED_SELECTOR = YES;
				GCC_WARN_UNINITIALIZED_AUTOS = YES_AGGRESSIVE;
				GCC_WARN_UNUSED_FUNCTION = YES;
				GCC_WARN_UNUSED_VARIABLE = YES;
				IPHONEOS_DEPLOYMENT_TARGET = 7.1;
				SDKROOT = iphoneos;
				VALIDATE_PRODUCT = YES;
			};
			name = Release;
		};
		0DAA196E1982A5EA00FF0C52 /* Debug */ = {
			isa = XCBuildConfiguration;
			buildSettings = {
				ASSETCATALOG_COMPILER_APPICON_NAME = AppIcon;
				ASSETCATALOG_COMPILER_LAUNCHIMAGE_NAME = LaunchImage;
				GCC_PRECOMPILE_PREFIX_HEADER = YES;
				GCC_PREFIX_HEADER = "UITableHelper/UITableHelper-Prefix.pch";
				INFOPLIST_FILE = "UITableHelper/UITableHelper-Info.plist";
				PRODUCT_NAME = "$(TARGET_NAME)";
				WRAPPER_EXTENSION = app;
			};
			name = Debug;
		};
		0DAA196F1982A5EA00FF0C52 /* Release */ = {
			isa = XCBuildConfiguration;
			buildSettings = {
				ASSETCATALOG_COMPILER_APPICON_NAME = AppIcon;
				ASSETCATALOG_COMPILER_LAUNCHIMAGE_NAME = LaunchImage;
				GCC_PRECOMPILE_PREFIX_HEADER = YES;
				GCC_PREFIX_HEADER = "UITableHelper/UITableHelper-Prefix.pch";
				INFOPLIST_FILE = "UITableHelper/UITableHelper-Info.plist";
				PRODUCT_NAME = "$(TARGET_NAME)";
				WRAPPER_EXTENSION = app;
			};
			name = Release;
		};
		0DAA19711982A5EA00FF0C52 /* Debug */ = {
			isa = XCBuildConfiguration;
			buildSettings = {
				BUNDLE_LOADER = "$(BUILT_PRODUCTS_DIR)/UITableHelper.app/UITableHelper";
				FRAMEWORK_SEARCH_PATHS = (
					"$(SDKROOT)/Developer/Library/Frameworks",
					"$(inherited)",
					"$(DEVELOPER_FRAMEWORKS_DIR)",
				);
				GCC_PRECOMPILE_PREFIX_HEADER = YES;
				GCC_PREFIX_HEADER = "UITableHelper/UITableHelper-Prefix.pch";
				GCC_PREPROCESSOR_DEFINITIONS = (
					"DEBUG=1",
					"$(inherited)",
				);
				INFOPLIST_FILE = "UITableHelperTests/UITableHelperTests-Info.plist";
				PRODUCT_NAME = "$(TARGET_NAME)";
				TEST_HOST = "$(BUNDLE_LOADER)";
				WRAPPER_EXTENSION = xctest;
			};
			name = Debug;
		};
		0DAA19721982A5EA00FF0C52 /* Release */ = {
			isa = XCBuildConfiguration;
			buildSettings = {
				BUNDLE_LOADER = "$(BUILT_PRODUCTS_DIR)/UITableHelper.app/UITableHelper";
				FRAMEWORK_SEARCH_PATHS = (
					"$(SDKROOT)/Developer/Library/Frameworks",
					"$(inherited)",
					"$(DEVELOPER_FRAMEWORKS_DIR)",
				);
				GCC_PRECOMPILE_PREFIX_HEADER = YES;
				GCC_PREFIX_HEADER = "UITableHelper/UITableHelper-Prefix.pch";
				INFOPLIST_FILE = "UITableHelperTests/UITableHelperTests-Info.plist";
				PRODUCT_NAME = "$(TARGET_NAME)";
				TEST_HOST = "$(BUNDLE_LOADER)";
				WRAPPER_EXTENSION = xctest;
			};
			name = Release;
		};
/* End XCBuildConfiguration section */

/* Begin XCConfigurationList section */
		0DAA19361982A5E900FF0C52 /* Build configuration list for PBXProject "UITableHelper" */ = {
			isa = XCConfigurationList;
			buildConfigurations = (
				0DAA196B1982A5EA00FF0C52 /* Debug */,
				0DAA196C1982A5EA00FF0C52 /* Release */,
			);
			defaultConfigurationIsVisible = 0;
			defaultConfigurationName = Release;
		};
		0DAA196D1982A5EA00FF0C52 /* Build configuration list for PBXNativeTarget "UITableHelper" */ = {
			isa = XCConfigurationList;
			buildConfigurations = (
				0DAA196E1982A5EA00FF0C52 /* Debug */,
				0DAA196F1982A5EA00FF0C52 /* Release */,
			);
			defaultConfigurationIsVisible = 0;
			defaultConfigurationName = Release;
		};
		0DAA19701982A5EA00FF0C52 /* Build configuration list for PBXNativeTarget "UITableHelperTests" */ = {
			isa = XCConfigurationList;
			buildConfigurations = (
				0DAA19711982A5EA00FF0C52 /* Debug */,
				0DAA19721982A5EA00FF0C52 /* Release */,
			);
			defaultConfigurationIsVisible = 0;
			defaultConfigurationName = Release;
		};
/* End XCConfigurationList section */
	};
	rootObject = 0DAA19331982A5E900FF0C52 /* Project object */;
}
